
Microsoft Visual Studio Solution File, Format Version 12.00
# Visual Studio Version 16
VisualStudioVersion = 16.0.31205.134
MinimumVisualStudioVersion = 10.0.40219.1
Project("{FAE04EC0-301F-11D3-BF4B-00C04F79EFBC}") = "InClass3_2", "InClass3_2.csproj", "{2323C2EE-2589-44B9-85F4-9D673F80D53E}"
EndProject
Global
	GlobalSection(SolutionConfigurationPlatforms) = preSolution
		Debug|Any CPU = Debug|Any CPU
		Release|Any CPU = Release|Any CPU
	EndGlobalSection
	GlobalSection(ProjectConfigurationPlatforms) = postSolution
		{2323C2EE-2589-44B9-85F4-9D673F80D53E}.Debug|Any CPU.ActiveCfg = Debug|Any CPU
		{2323C2EE-2589-44B9-85F4-9D673F80D53E}.Debug|Any CPU.Build.0 = Debug|Any CPU
		{2323C2EE-2589-44B9-85F4-9D673F80D53E}.Release|Any CPU.ActiveCfg = Release|Any CPU
		{2323C2EE-2589-44B9-85F4-9D673F80D53E}.Release|Any CPU.Build.0 = Release|Any CPU
	EndGlobalSection
	GlobalSection(SolutionProperties) = preSolution
		HideSolutionNode = FALSE
	EndGlobalSection
	GlobalSection(ExtensibilityGlobals) = postSolution
		SolutionGuid = {5564C72C-731C-41B8-96AC-21F2622D4888}
	EndGlobalSection
EndGlobal
